// !$*UTF8*$!
{
	archiveVersion = 1;
	classes = {
	};
	objectVersion = 55;
	objects = {

/* Begin PBXBuildFile section */
		AC50C12327249B3D007F7CBD /* FeedmiApp.swift in Sources */ = {isa = PBXBuildFile; fileRef = AC50C12227249B3D007F7CBD /* FeedmiApp.swift */; };
		AC50C12527249B3D007F7CBD /* ContentView.swift in Sources */ = {isa = PBXBuildFile; fileRef = AC50C12427249B3D007F7CBD /* ContentView.swift */; };
		AC50C12727249B42007F7CBD /* Assets.xcassets in Resources */ = {isa = PBXBuildFile; fileRef = AC50C12627249B42007F7CBD /* Assets.xcassets */; };
		AC50C12A27249B42007F7CBD /* Preview Assets.xcassets in Resources */ = {isa = PBXBuildFile; fileRef = AC50C12927249B42007F7CBD /* Preview Assets.xcassets */; };
		AC50C13127249DD3007F7CBD /* Launch Screen.storyboard in Resources */ = {isa = PBXBuildFile; fileRef = AC50C13027249DD3007F7CBD /* Launch Screen.storyboard */; };
		AC50C1352724A1A6007F7CBD /* OnboardingData.swift in Sources */ = {isa = PBXBuildFile; fileRef = AC50C1342724A1A6007F7CBD /* OnboardingData.swift */; };
		AC50C1382724A1EF007F7CBD /* OnboardingModel.swift in Sources */ = {isa = PBXBuildFile; fileRef = AC50C1372724A1EF007F7CBD /* OnboardingModel.swift */; };
		AC50C13B2724A235007F7CBD /* OnboardingCardView.swift in Sources */ = {isa = PBXBuildFile; fileRef = AC50C13A2724A235007F7CBD /* OnboardingCardView.swift */; };
		AC50C13D2724A26C007F7CBD /* OnboardingButtonView.swift in Sources */ = {isa = PBXBuildFile; fileRef = AC50C13C2724A26C007F7CBD /* OnboardingButtonView.swift */; };
		AC50C1402724A4FC007F7CBD /* OnboardingView.swift in Sources */ = {isa = PBXBuildFile; fileRef = AC50C13F2724A4FC007F7CBD /* OnboardingView.swift */; };
		AC6F68342725DF5A00257BE3 /* BalooChettan2-Bold.ttf in Resources */ = {isa = PBXBuildFile; fileRef = AC6F68332725DF5A00257BE3 /* BalooChettan2-Bold.ttf */; };
		AC6F68392725E19300257BE3 /* Mulish-Regular.ttf in Resources */ = {isa = PBXBuildFile; fileRef = AC6F68352725E19200257BE3 /* Mulish-Regular.ttf */; };
		AC6F683A2725E19300257BE3 /* Mulish-Bold.ttf in Resources */ = {isa = PBXBuildFile; fileRef = AC6F68362725E19200257BE3 /* Mulish-Bold.ttf */; };
		AC6F683B2725E19300257BE3 /* Mulish-Medium.ttf in Resources */ = {isa = PBXBuildFile; fileRef = AC6F68372725E19200257BE3 /* Mulish-Medium.ttf */; };
		AC6F683C2725E19300257BE3 /* Mulish-SemiBold.ttf in Resources */ = {isa = PBXBuildFile; fileRef = AC6F68382725E19300257BE3 /* Mulish-SemiBold.ttf */; };
/* End PBXBuildFile section */

/* Begin PBXFileReference section */
		AC50C11F27249B3D007F7CBD /* Feedmi.app */ = {isa = PBXFileReference; explicitFileType = wrapper.application; includeInIndex = 0; path = Feedmi.app; sourceTree = BUILT_PRODUCTS_DIR; };
		AC50C12227249B3D007F7CBD /* FeedmiApp.swift */ = {isa = PBXFileReference; lastKnownFileType = sourcecode.swift; path = FeedmiApp.swift; sourceTree = "<group>"; };
		AC50C12427249B3D007F7CBD /* ContentView.swift */ = {isa = PBXFileReference; lastKnownFileType = sourcecode.swift; path = ContentView.swift; sourceTree = "<group>"; };
		AC50C12627249B42007F7CBD /* Assets.xcassets */ = {isa = PBXFileReference; lastKnownFileType = folder.assetcatalog; path = Assets.xcassets; sourceTree = "<group>"; };
		AC50C12927249B42007F7CBD /* Preview Assets.xcassets */ = {isa = PBXFileReference; lastKnownFileType = folder.assetcatalog; path = "Preview Assets.xcassets"; sourceTree = "<group>"; };
		AC50C13027249DD3007F7CBD /* Launch Screen.storyboard */ = {isa = PBXFileReference; lastKnownFileType = file.storyboard; name = "Launch Screen.storyboard"; path = "../../Launch Screen.storyboard"; sourceTree = "<group>"; };
		AC50C1342724A1A6007F7CBD /* OnboardingData.swift */ = {isa = PBXFileReference; lastKnownFileType = sourcecode.swift; path = OnboardingData.swift; sourceTree = "<group>"; };
		AC50C1372724A1EF007F7CBD /* OnboardingModel.swift */ = {isa = PBXFileReference; lastKnownFileType = sourcecode.swift; path = OnboardingModel.swift; sourceTree = "<group>"; };
		AC50C13A2724A235007F7CBD /* OnboardingCardView.swift */ = {isa = PBXFileReference; lastKnownFileType = sourcecode.swift; path = OnboardingCardView.swift; sourceTree = "<group>"; };
		AC50C13C2724A26C007F7CBD /* OnboardingButtonView.swift */ = {isa = PBXFileReference; lastKnownFileType = sourcecode.swift; path = OnboardingButtonView.swift; sourceTree = "<group>"; };
		AC50C13F2724A4FC007F7CBD /* OnboardingView.swift */ = {isa = PBXFileReference; lastKnownFileType = sourcecode.swift; path = OnboardingView.swift; sourceTree = "<group>"; };
		AC6F68322725DB6B00257BE3 /* Info.plist */ = {isa = PBXFileReference; lastKnownFileType = text.plist; path = Info.plist; sourceTree = "<group>"; };
		AC6F68332725DF5A00257BE3 /* BalooChettan2-Bold.ttf */ = {isa = PBXFileReference; lastKnownFileType = file; path = "BalooChettan2-Bold.ttf"; sourceTree = "<group>"; };
		AC6F68352725E19200257BE3 /* Mulish-Regular.ttf */ = {isa = PBXFileReference; lastKnownFileType = file; path = "Mulish-Regular.ttf"; sourceTree = "<group>"; };
		AC6F68362725E19200257BE3 /* Mulish-Bold.ttf */ = {isa = PBXFileReference; lastKnownFileType = file; path = "Mulish-Bold.ttf"; sourceTree = "<group>"; };
		AC6F68372725E19200257BE3 /* Mulish-Medium.ttf */ = {isa = PBXFileReference; lastKnownFileType = file; path = "Mulish-Medium.ttf"; sourceTree = "<group>"; };
		AC6F68382725E19300257BE3 /* Mulish-SemiBold.ttf */ = {isa = PBXFileReference; lastKnownFileType = file; path = "Mulish-SemiBold.ttf"; sourceTree = "<group>"; };
/* End PBXFileReference section */

/* Begin PBXFrameworksBuildPhase section */
		AC50C11C27249B3D007F7CBD /* Frameworks */ = {
			isa = PBXFrameworksBuildPhase;
			buildActionMask = 2147483647;
			files = (
			);
			runOnlyForDeploymentPostprocessing = 0;
		};
/* End PBXFrameworksBuildPhase section */

/* Begin PBXGroup section */
		AC50C11627249B3D007F7CBD = {
			isa = PBXGroup;
			children = (
				AC50C13027249DD3007F7CBD /* Launch Screen.storyboard */,
				AC50C12127249B3D007F7CBD /* Feedmi */,
				AC50C12027249B3D007F7CBD /* Products */,
			);
			sourceTree = "<group>";
		};
		AC50C12027249B3D007F7CBD /* Products */ = {
			isa = PBXGroup;
			children = (
				AC50C11F27249B3D007F7CBD /* Feedmi.app */,
			);
			name = Products;
			sourceTree = "<group>";
		};
		AC50C12127249B3D007F7CBD /* Feedmi */ = {
			isa = PBXGroup;
			children = (
				AC6F68322725DB6B00257BE3 /* Info.plist */,
				AC6F682D2725DB0A00257BE3 /* Fonts */,
				AC50C13E2724A276007F7CBD /* App */,
				AC50C1392724A1FA007F7CBD /* Components */,
				AC50C1362724A1D4007F7CBD /* Model */,
				AC50C1332724A160007F7CBD /* Data */,
				AC50C12627249B42007F7CBD /* Assets.xcassets */,
				AC50C12827249B42007F7CBD /* Preview Content */,
			);
			path = Feedmi;
			sourceTree = "<group>";
		};
		AC50C12827249B42007F7CBD /* Preview Content */ = {
			isa = PBXGroup;
			children = (
				AC50C12927249B42007F7CBD /* Preview Assets.xcassets */,
			);
			path = "Preview Content";
			sourceTree = "<group>";
		};
		AC50C1332724A160007F7CBD /* Data */ = {
			isa = PBXGroup;
			children = (
				AC50C1342724A1A6007F7CBD /* OnboardingData.swift */,
			);
			path = Data;
			sourceTree = "<group>";
		};
		AC50C1362724A1D4007F7CBD /* Model */ = {
			isa = PBXGroup;
			children = (
				AC50C1372724A1EF007F7CBD /* OnboardingModel.swift */,
			);
			path = Model;
			sourceTree = "<group>";
		};
		AC50C1392724A1FA007F7CBD /* Components */ = {
			isa = PBXGroup;
			children = (
				AC50C13A2724A235007F7CBD /* OnboardingCardView.swift */,
				AC50C13C2724A26C007F7CBD /* OnboardingButtonView.swift */,
			);
			path = Components;
			sourceTree = "<group>";
		};
		AC50C13E2724A276007F7CBD /* App */ = {
			isa = PBXGroup;
			children = (
				AC50C12227249B3D007F7CBD /* FeedmiApp.swift */,
				AC50C12427249B3D007F7CBD /* ContentView.swift */,
				AC50C13F2724A4FC007F7CBD /* OnboardingView.swift */,
			);
			path = App;
			sourceTree = "<group>";
		};
		AC6F682D2725DB0A00257BE3 /* Fonts */ = {
			isa = PBXGroup;
			children = (
				AC6F68362725E19200257BE3 /* Mulish-Bold.ttf */,
				AC6F68372725E19200257BE3 /* Mulish-Medium.ttf */,
				AC6F68352725E19200257BE3 /* Mulish-Regular.ttf */,
				AC6F68382725E19300257BE3 /* Mulish-SemiBold.ttf */,
				AC6F68332725DF5A00257BE3 /* BalooChettan2-Bold.ttf */,
			);
			path = Fonts;
			sourceTree = "<group>";
		};
/* End PBXGroup section */

/* Begin PBXNativeTarget section */
		AC50C11E27249B3D007F7CBD /* Feedmi */ = {
			isa = PBXNativeTarget;
			buildConfigurationList = AC50C12D27249B42007F7CBD /* Build configuration list for PBXNativeTarget "Feedmi" */;
			buildPhases = (
				AC50C11B27249B3D007F7CBD /* Sources */,
				AC50C11C27249B3D007F7CBD /* Frameworks */,
				AC50C11D27249B3D007F7CBD /* Resources */,
			);
			buildRules = (
			);
			dependencies = (
			);
			name = Feedmi;
			productName = Feedmi;
			productReference = AC50C11F27249B3D007F7CBD /* Feedmi.app */;
			productType = "com.apple.product-type.application";
		};
/* End PBXNativeTarget section */

/* Begin PBXProject section */
		AC50C11727249B3D007F7CBD /* Project object */ = {
			isa = PBXProject;
			attributes = {
				BuildIndependentTargetsInParallel = 1;
				LastSwiftUpdateCheck = 1300;
				LastUpgradeCheck = 1300;
				TargetAttributes = {
					AC50C11E27249B3D007F7CBD = {
						CreatedOnToolsVersion = 13.0;
					};
				};
			};
			buildConfigurationList = AC50C11A27249B3D007F7CBD /* Build configuration list for PBXProject "Feedmi" */;
			compatibilityVersion = "Xcode 13.0";
			developmentRegion = en;
			hasScannedForEncodings = 0;
			knownRegions = (
				en,
				Base,
			);
			mainGroup = AC50C11627249B3D007F7CBD;
			productRefGroup = AC50C12027249B3D007F7CBD /* Products */;
			projectDirPath = "";
			projectRoot = "";
			targets = (
				AC50C11E27249B3D007F7CBD /* Feedmi */,
			);
		};
/* End PBXProject section */

/* Begin PBXResourcesBuildPhase section */
		AC50C11D27249B3D007F7CBD /* Resources */ = {
			isa = PBXResourcesBuildPhase;
			buildActionMask = 2147483647;
			files = (
				AC50C13127249DD3007F7CBD /* Launch Screen.storyboard in Resources */,
				AC6F68342725DF5A00257BE3 /* BalooChettan2-Bold.ttf in Resources */,
				AC50C12A27249B42007F7CBD /* Preview Assets.xcassets in Resources */,
				AC6F683A2725E19300257BE3 /* Mulish-Bold.ttf in Resources */,
				AC50C12727249B42007F7CBD /* Assets.xcassets in Resources */,
				AC6F683C2725E19300257BE3 /* Mulish-SemiBold.ttf in Resources */,
				AC6F68392725E19300257BE3 /* Mulish-Regular.ttf in Resources */,
				AC6F683B2725E19300257BE3 /* Mulish-Medium.ttf in Resources */,
			);
			runOnlyForDeploymentPostprocessing = 0;
		};
/* End PBXResourcesBuildPhase section */

/* Begin PBXSourcesBuildPhase section */
		AC50C11B27249B3D007F7CBD /* Sources */ = {
			isa = PBXSourcesBuildPhase;
			buildActionMask = 2147483647;
			files = (
				AC50C13B2724A235007F7CBD /* OnboardingCardView.swift in Sources */,
				AC50C1382724A1EF007F7CBD /* OnboardingModel.swift in Sources */,
				AC50C1352724A1A6007F7CBD /* OnboardingData.swift in Sources */,
				AC50C12527249B3D007F7CBD /* ContentView.swift in Sources */,
				AC50C12327249B3D007F7CBD /* FeedmiApp.swift in Sources */,
				AC50C13D2724A26C007F7CBD /* OnboardingButtonView.swift in Sources */,
				AC50C1402724A4FC007F7CBD /* OnboardingView.swift in Sources */,
			);
			runOnlyForDeploymentPostprocessing = 0;
		};
/* End PBXSourcesBuildPhase section */

/* Begin XCBuildConfiguration section */
		AC50C12B27249B42007F7CBD /* Debug */ = {
			isa = XCBuildConfiguration;
			buildSettings = {
				ALWAYS_SEARCH_USER_PATHS = NO;
				CLANG_ANALYZER_NONNULL = YES;
				CLANG_ANALYZER_NUMBER_OBJECT_CONVERSION = YES_AGGRESSIVE;
				CLANG_CXX_LANGUAGE_STANDARD = "gnu++17";
				CLANG_CXX_LIBRARY = "libc++";
				CLANG_ENABLE_MODULES = YES;
				CLANG_ENABLE_OBJC_ARC = YES;
				CLANG_ENABLE_OBJC_WEAK = YES;
				CLANG_WARN_BLOCK_CAPTURE_AUTORELEASING = YES;
				CLANG_WARN_BOOL_CONVERSION = YES;
				CLANG_WARN_COMMA = YES;
				CLANG_WARN_CONSTANT_CONVERSION = YES;
				CLANG_WARN_DEPRECATED_OBJC_IMPLEMENTATIONS = YES;
				CLANG_WARN_DIRECT_OBJC_ISA_USAGE = YES_ERROR;
				CLANG_WARN_DOCUMENTATION_COMMENTS = YES;
				CLANG_WARN_EMPTY_BODY = YES;
				CLANG_WARN_ENUM_CONVERSION = YES;
				CLANG_WARN_INFINITE_RECURSION = YES;
				CLANG_WARN_INT_CONVERSION = YES;
				CLANG_WARN_NON_LITERAL_NULL_CONVERSION = YES;
				CLANG_WARN_OBJC_IMPLICIT_RETAIN_SELF = YES;
				CLANG_WARN_OBJC_LITERAL_CONVERSION = YES;
				CLANG_WARN_OBJC_ROOT_CLASS = YES_ERROR;
				CLANG_WARN_QUOTED_INCLUDE_IN_FRAMEWORK_HEADER = YES;
				CLANG_WARN_RANGE_LOOP_ANALYSIS = YES;
				CLANG_WARN_STRICT_PROTOTYPES = YES;
				CLANG_WARN_SUSPICIOUS_MOVE = YES;
				CLANG_WARN_UNGUARDED_AVAILABILITY = YES_AGGRESSIVE;
				CLANG_WARN_UNREACHABLE_CODE = YES;
				CLANG_WARN__DUPLICATE_METHOD_MATCH = YES;
				COPY_PHASE_STRIP = NO;
				DEBUG_INFORMATION_FORMAT = dwarf;
				ENABLE_STRICT_OBJC_MSGSEND = YES;
				ENABLE_TESTABILITY = YES;
				GCC_C_LANGUAGE_STANDARD = gnu11;
				GCC_DYNAMIC_NO_PIC = NO;
				GCC_NO_COMMON_BLOCKS = YES;
				GCC_OPTIMIZATION_LEVEL = 0;
				GCC_PREPROCESSOR_DEFINITIONS = (
					"DEBUG=1",
					"$(inherited)",
				);
				GCC_WARN_64_TO_32_BIT_CONVERSION = YES;
				GCC_WARN_ABOUT_RETURN_TYPE = YES_ERROR;
				GCC_WARN_UNDECLARED_SELECTOR = YES;
				GCC_WARN_UNINITIALIZED_AUTOS = YES_AGGRESSIVE;
				GCC_WARN_UNUSED_FUNCTION = YES;
				GCC_WARN_UNUSED_VARIABLE = YES;
				IPHONEOS_DEPLOYMENT_TARGET = 15.0;
				MTL_ENABLE_DEBUG_INFO = INCLUDE_SOURCE;
				MTL_FAST_MATH = YES;
				ONLY_ACTIVE_ARCH = YES;
				SDKROOT = iphoneos;
				SWIFT_ACTIVE_COMPILATION_CONDITIONS = DEBUG;
				SWIFT_OPTIMIZATION_LEVEL = "-Onone";
			};
			name = Debug;
		};
		AC50C12C27249B42007F7CBD /* Release */ = {
			isa = XCBuildConfiguration;
			buildSettings = {
				ALWAYS_SEARCH_USER_PATHS = NO;
				CLANG_ANALYZER_NONNULL = YES;
				CLANG_ANALYZER_NUMBER_OBJECT_CONVERSION = YES_AGGRESSIVE;
				CLANG_CXX_LANGUAGE_STANDARD = "gnu++17";
				CLANG_CXX_LIBRARY = "libc++";
				CLANG_ENABLE_MODULES = YES;
				CLANG_ENABLE_OBJC_ARC = YES;
				CLANG_ENABLE_OBJC_WEAK = YES;
				CLANG_WARN_BLOCK_CAPTURE_AUTORELEASING = YES;
				CLANG_WARN_BOOL_CONVERSION = YES;
				CLANG_WARN_COMMA = YES;
				CLANG_WARN_CONSTANT_CONVERSION = YES;
				CLANG_WARN_DEPRECATED_OBJC_IMPLEMENTATIONS = YES;
				CLANG_WARN_DIRECT_OBJC_ISA_USAGE = YES_ERROR;
				CLANG_WARN_DOCUMENTATION_COMMENTS = YES;
				CLANG_WARN_EMPTY_BODY = YES;
				CLANG_WARN_ENUM_CONVERSION = YES;
				CLANG_WARN_INFINITE_RECURSION = YES;
				CLANG_WARN_INT_CONVERSION = YES;
				CLANG_WARN_NON_LITERAL_NULL_CONVERSION = YES;
				CLANG_WARN_OBJC_IMPLICIT_RETAIN_SELF = YES;
				CLANG_WARN_OBJC_LITERAL_CONVERSION = YES;
				CLANG_WARN_OBJC_ROOT_CLASS = YES_ERROR;
				CLANG_WARN_QUOTED_INCLUDE_IN_FRAMEWORK_HEADER = YES;
				CLANG_WARN_RANGE_LOOP_ANALYSIS = YES;
				CLANG_WARN_STRICT_PROTOTYPES = YES;
				CLANG_WARN_SUSPICIOUS_MOVE = YES;
				CLANG_WARN_UNGUARDED_AVAILABILITY = YES_AGGRESSIVE;
				CLANG_WARN_UNREACHABLE_CODE = YES;
				CLANG_WARN__DUPLICATE_METHOD_MATCH = YES;
				COPY_PHASE_STRIP = NO;
				DEBUG_INFORMATION_FORMAT = "dwarf-with-dsym";
				ENABLE_NS_ASSERTIONS = NO;
				ENABLE_STRICT_OBJC_MSGSEND = YES;
				GCC_C_LANGUAGE_STANDARD = gnu11;
				GCC_NO_COMMON_BLOCKS = YES;
				GCC_WARN_64_TO_32_BIT_CONVERSION = YES;
				GCC_WARN_ABOUT_RETURN_TYPE = YES_ERROR;
				GCC_WARN_UNDECLARED_SELECTOR = YES;
				GCC_WARN_UNINITIALIZED_AUTOS = YES_AGGRESSIVE;
				GCC_WARN_UNUSED_FUNCTION = YES;
				GCC_WARN_UNUSED_VARIABLE = YES;
				IPHONEOS_DEPLOYMENT_TARGET = 15.0;
				MTL_ENABLE_DEBUG_INFO = NO;
				MTL_FAST_MATH = YES;
				SDKROOT = iphoneos;
				SWIFT_COMPILATION_MODE = wholemodule;
				SWIFT_OPTIMIZATION_LEVEL = "-O";
				VALIDATE_PRODUCT = YES;
			};
			name = Release;
		};
		AC50C12E27249B42007F7CBD /* Debug */ = {
			isa = XCBuildConfiguration;
			buildSettings = {
				ASSETCATALOG_COMPILER_APPICON_NAME = AppIcon;
				ASSETCATALOG_COMPILER_GLOBAL_ACCENT_COLOR_NAME = AccentColor;
				CODE_SIGN_STYLE = Automatic;
				CURRENT_PROJECT_VERSION = 1;
				DEVELOPMENT_ASSET_PATHS = "\"Feedmi/Preview Content\"";
				DEVELOPMENT_TEAM = 9N5E63JB8B;
				ENABLE_PREVIEWS = YES;
				GENERATE_INFOPLIST_FILE = YES;
				INFOPLIST_FILE = Feedmi/Info.plist;
				INFOPLIST_KEY_UIApplicationSceneManifest_Generation = YES;
				INFOPLIST_KEY_UIApplicationSupportsIndirectInputEvents = YES;
				INFOPLIST_KEY_UILaunchScreen_Generation = YES;
				INFOPLIST_KEY_UILaunchStoryboardName = "Launch Screen";
				INFOPLIST_KEY_UISupportedInterfaceOrientations_iPad = "UIInterfaceOrientationPortrait UIInterfaceOrientationPortraitUpsideDown UIInterfaceOrientationLandscapeLeft UIInterfaceOrientationLandscapeRight";
				INFOPLIST_KEY_UISupportedInterfaceOrientations_iPhone = "UIInterfaceOrientationPortrait UIInterfaceOrientationLandscapeLeft UIInterfaceOrientationLandscapeRight";
				IPHONEOS_DEPLOYMENT_TARGET = 15.0;
				LD_RUNPATH_SEARCH_PATHS = (
					"$(inherited)",
					"@executable_path/Frameworks",
				);
				MARKETING_VERSION = 1.0;
				PRODUCT_BUNDLE_IDENTIFIER = romans..Feedmi;
				PRODUCT_NAME = "$(TARGET_NAME)";
				SWIFT_EMIT_LOC_STRINGS = YES;
				SWIFT_VERSION = 5.0;
				TARGETED_DEVICE_FAMILY = 1;
			};
			name = Debug;
		};
		AC50C12F27249B42007F7CBD /* Release */ = {
			isa = XCBuildConfiguration;
			buildSettings = {
				ASSETCATALOG_COMPILER_APPICON_NAME = AppIcon;
				ASSETCATALOG_COMPILER_GLOBAL_ACCENT_COLOR_NAME = AccentColor;
				CODE_SIGN_STYLE = Automatic;
				CURRENT_PROJECT_VERSION = 1;
				DEVELOPMENT_ASSET_PATHS = "\"Feedmi/Preview Content\"";
				DEVELOPMENT_TEAM = 9N5E63JB8B;
				ENABLE_PREVIEWS = YES;
				GENERATE_INFOPLIST_FILE = YES;
				INFOPLIST_FILE = Feedmi/Info.plist;
				INFOPLIST_KEY_UIApplicationSceneManifest_Generation = YES;
				INFOPLIST_KEY_UIApplicationSupportsIndirectInputEvents = YES;
				INFOPLIST_KEY_UILaunchScreen_Generation = YES;
				INFOPLIST_KEY_UILaunchStoryboardName = "Launch Screen";
				INFOPLIST_KEY_UISupportedInterfaceOrientations_iPad = "UIInterfaceOrientationPortrait UIInterfaceOrientationPortraitUpsideDown UIInterfaceOrientationLandscapeLeft UIInterfaceOrientationLandscapeRight";
				INFOPLIST_KEY_UISupportedInterfaceOrientations_iPhone = "UIInterfaceOrientationPortrait UIInterfaceOrientationLandscapeLeft UIInterfaceOrientationLandscapeRight";
				IPHONEOS_DEPLOYMENT_TARGET = 15.0;
				LD_RUNPATH_SEARCH_PATHS = (
					"$(inherited)",
					"@executable_path/Frameworks",
				);
				MARKETING_VERSION = 1.0;
				PRODUCT_BUNDLE_IDENTIFIER = romans..Feedmi;
				PRODUCT_NAME = "$(TARGET_NAME)";
				SWIFT_EMIT_LOC_STRINGS = YES;
				SWIFT_VERSION = 5.0;
				TARGETED_DEVICE_FAMILY = 1;
			};
			name = Release;
		};
/* End XCBuildConfiguration section */

/* Begin XCConfigurationList section */
		AC50C11A27249B3D007F7CBD /* Build configuration list for PBXProject "Feedmi" */ = {
			isa = XCConfigurationList;
			buildConfigurations = (
				AC50C12B27249B42007F7CBD /* Debug */,
				AC50C12C27249B42007F7CBD /* Release */,
			);
			defaultConfigurationIsVisible = 0;
			defaultConfigurationName = Release;
		};
		AC50C12D27249B42007F7CBD /* Build configuration list for PBXNativeTarget "Feedmi" */ = {
			isa = XCConfigurationList;
			buildConfigurations = (
				AC50C12E27249B42007F7CBD /* Debug */,
				AC50C12F27249B42007F7CBD /* Release */,
			);
			defaultConfigurationIsVisible = 0;
			defaultConfigurationName = Release;
		};
/* End XCConfigurationList section */
	};
	rootObject = AC50C11727249B3D007F7CBD /* Project object */;
}
